
Microsoft Visual Studio Solution File, Format Version 12.00
# Visual Studio Version 16
VisualStudioVersion = 16.0.30611.23
MinimumVisualStudioVersion = 10.0.40219.1
Project("{6EC3EE1D-3C4E-46DD-8F32-0CC8E7565705}") = "Fonzy.core", "Fonzy.core\Fonzy.core.fsproj", "{AB5631FC-E52B-47D2-8780-1B0E14B52750}"
EndProject
Project("{6EC3EE1D-3C4E-46DD-8F32-0CC8E7565705}") = "Fonzy.core.test", "Fonzy.core.test\Fonzy.core.test.fsproj", "{B86D0F62-9B02-4D8A-B98E-CC33C369D33A}"
EndProject
Project("{6EC3EE1D-3C4E-46DD-8F32-0CC8E7565705}") = "Fonzy.world", "Fonzy.world\Fonzy.world.fsproj", "{2D6717D7-ECA8-4E99-8AA1-D0B1DCF043E9}"
EndProject
Project("{6EC3EE1D-3C4E-46DD-8F32-0CC8E7565705}") = "Fonzy.world.dto", "Fonzy.world.dto\Fonzy.world.dto.fsproj", "{75DA82C4-E40D-459A-8630-EE5E2A9B78A5}"
EndProject
Project("{6EC3EE1D-3C4E-46DD-8F32-0CC8E7565705}") = "Fonzy.world.dto.test", "Fonzy.world.dto.test\Fonzy.world.dto.test.fsproj", "{5D49181E-3761-4835-A3B4-2EB42031B809}"
EndProject
Project("{6EC3EE1D-3C4E-46DD-8F32-0CC8E7565705}") = "Fonzy.world.test", "Fonzy.world.test\Fonzy.world.test.fsproj", "{9D36A6B5-B518-4F44-A89A-627F4215C1A6}"
EndProject
Project("{6EC3EE1D-3C4E-46DD-8F32-0CC8E7565705}") = "Fonzy.core.dto", "Fonzy.core.dto\Fonzy.core.dto.fsproj", "{8526BDD1-5B7D-4814-9B0D-739FE13CD9A0}"
EndProject
Project("{6EC3EE1D-3C4E-46DD-8F32-0CC8E7565705}") = "Fonzy.core.dto.test", "Fonzy.core.dto.test\Fonzy.core.dto.test.fsproj", "{47D2EBFC-1D2F-4F85-B053-83226C5BAF70}"
EndProject
Project("{2150E333-8FDC-42A3-9474-1A3956D46DE8}") = "core", "core", "{EEE2AA47-313E-4221-8EE5-26C557D103B6}"
EndProject
Project("{2150E333-8FDC-42A3-9474-1A3956D46DE8}") = "world", "world", "{3F4DFBAE-2907-4181-8779-69461B0950D4}"
EndProject
Project("{2150E333-8FDC-42A3-9474-1A3956D46DE8}") = "job", "job", "{B031F78E-FF6E-40DB-B945-0BA3F2557085}"
EndProject
Project("{F2A71F9B-5D33-465A-A702-920D77279786}") = "Fonzy.job.test", "Fonzy.job.test\Fonzy.job.test.fsproj", "{4EFF752E-9DD3-4B20-B5DA-F71BC09F08CB}"
EndProject
Project("{F2A71F9B-5D33-465A-A702-920D77279786}") = "Fonzy.job", "Fonzy.job\Fonzy.job.fsproj", "{47FDAB29-65E0-474E-B151-FCB746FE37B3}"
EndProject
Project("{F2A71F9B-5D33-465A-A702-920D77279786}") = "Fonzy.data", "Fonzy.data\Fonzy.data.fsproj", "{325BCF1F-0220-4CBC-BA55-013F28296B1D}"
EndProject
Project("{F2A71F9B-5D33-465A-A702-920D77279786}") = "Fonzy.data.test", "Fonzy.data.test\Fonzy.data.test.fsproj", "{844E745A-D752-47EF-9FBB-5C9FF46711EA}"
EndProject
Global
	GlobalSection(SolutionConfigurationPlatforms) = preSolution
		Debug|Any CPU = Debug|Any CPU
		Release|Any CPU = Release|Any CPU
	EndGlobalSection
	GlobalSection(ProjectConfigurationPlatforms) = postSolution
		{AB5631FC-E52B-47D2-8780-1B0E14B52750}.Debug|Any CPU.ActiveCfg = Debug|Any CPU
		{AB5631FC-E52B-47D2-8780-1B0E14B52750}.Debug|Any CPU.Build.0 = Debug|Any CPU
		{AB5631FC-E52B-47D2-8780-1B0E14B52750}.Release|Any CPU.ActiveCfg = Release|Any CPU
		{AB5631FC-E52B-47D2-8780-1B0E14B52750}.Release|Any CPU.Build.0 = Release|Any CPU
		{B86D0F62-9B02-4D8A-B98E-CC33C369D33A}.Debug|Any CPU.ActiveCfg = Debug|Any CPU
		{B86D0F62-9B02-4D8A-B98E-CC33C369D33A}.Debug|Any CPU.Build.0 = Debug|Any CPU
		{B86D0F62-9B02-4D8A-B98E-CC33C369D33A}.Release|Any CPU.ActiveCfg = Release|Any CPU
		{B86D0F62-9B02-4D8A-B98E-CC33C369D33A}.Release|Any CPU.Build.0 = Release|Any CPU
		{2D6717D7-ECA8-4E99-8AA1-D0B1DCF043E9}.Debug|Any CPU.ActiveCfg = Debug|Any CPU
		{2D6717D7-ECA8-4E99-8AA1-D0B1DCF043E9}.Debug|Any CPU.Build.0 = Debug|Any CPU
		{2D6717D7-ECA8-4E99-8AA1-D0B1DCF043E9}.Release|Any CPU.ActiveCfg = Release|Any CPU
		{2D6717D7-ECA8-4E99-8AA1-D0B1DCF043E9}.Release|Any CPU.Build.0 = Release|Any CPU
		{75DA82C4-E40D-459A-8630-EE5E2A9B78A5}.Debug|Any CPU.ActiveCfg = Debug|Any CPU
		{75DA82C4-E40D-459A-8630-EE5E2A9B78A5}.Debug|Any CPU.Build.0 = Debug|Any CPU
		{75DA82C4-E40D-459A-8630-EE5E2A9B78A5}.Release|Any CPU.ActiveCfg = Release|Any CPU
		{75DA82C4-E40D-459A-8630-EE5E2A9B78A5}.Release|Any CPU.Build.0 = Release|Any CPU
		{5D49181E-3761-4835-A3B4-2EB42031B809}.Debug|Any CPU.ActiveCfg = Debug|Any CPU
		{5D49181E-3761-4835-A3B4-2EB42031B809}.Debug|Any CPU.Build.0 = Debug|Any CPU
		{5D49181E-3761-4835-A3B4-2EB42031B809}.Release|Any CPU.ActiveCfg = Release|Any CPU
		{5D49181E-3761-4835-A3B4-2EB42031B809}.Release|Any CPU.Build.0 = Release|Any CPU
		{9D36A6B5-B518-4F44-A89A-627F4215C1A6}.Debug|Any CPU.ActiveCfg = Debug|Any CPU
		{9D36A6B5-B518-4F44-A89A-627F4215C1A6}.Debug|Any CPU.Build.0 = Debug|Any CPU
		{9D36A6B5-B518-4F44-A89A-627F4215C1A6}.Release|Any CPU.ActiveCfg = Release|Any CPU
		{9D36A6B5-B518-4F44-A89A-627F4215C1A6}.Release|Any CPU.Build.0 = Release|Any CPU
		{8526BDD1-5B7D-4814-9B0D-739FE13CD9A0}.Debug|Any CPU.ActiveCfg = Debug|Any CPU
		{8526BDD1-5B7D-4814-9B0D-739FE13CD9A0}.Debug|Any CPU.Build.0 = Debug|Any CPU
		{8526BDD1-5B7D-4814-9B0D-739FE13CD9A0}.Release|Any CPU.ActiveCfg = Release|Any CPU
		{8526BDD1-5B7D-4814-9B0D-739FE13CD9A0}.Release|Any CPU.Build.0 = Release|Any CPU
		{47D2EBFC-1D2F-4F85-B053-83226C5BAF70}.Debug|Any CPU.ActiveCfg = Debug|Any CPU
		{47D2EBFC-1D2F-4F85-B053-83226C5BAF70}.Debug|Any CPU.Build.0 = Debug|Any CPU
		{47D2EBFC-1D2F-4F85-B053-83226C5BAF70}.Release|Any CPU.ActiveCfg = Release|Any CPU
		{47D2EBFC-1D2F-4F85-B053-83226C5BAF70}.Release|Any CPU.Build.0 = Release|Any CPU
		{4EFF752E-9DD3-4B20-B5DA-F71BC09F08CB}.Debug|Any CPU.ActiveCfg = Debug|Any CPU
		{4EFF752E-9DD3-4B20-B5DA-F71BC09F08CB}.Debug|Any CPU.Build.0 = Debug|Any CPU
		{4EFF752E-9DD3-4B20-B5DA-F71BC09F08CB}.Release|Any CPU.ActiveCfg = Release|Any CPU
		{4EFF752E-9DD3-4B20-B5DA-F71BC09F08CB}.Release|Any CPU.Build.0 = Release|Any CPU
		{47FDAB29-65E0-474E-B151-FCB746FE37B3}.Debug|Any CPU.ActiveCfg = Debug|Any CPU
		{47FDAB29-65E0-474E-B151-FCB746FE37B3}.Debug|Any CPU.Build.0 = Debug|Any CPU
		{47FDAB29-65E0-474E-B151-FCB746FE37B3}.Release|Any CPU.ActiveCfg = Release|Any CPU
		{47FDAB29-65E0-474E-B151-FCB746FE37B3}.Release|Any CPU.Build.0 = Release|Any CPU
		{325BCF1F-0220-4CBC-BA55-013F28296B1D}.Debug|Any CPU.ActiveCfg = Debug|Any CPU
		{325BCF1F-0220-4CBC-BA55-013F28296B1D}.Debug|Any CPU.Build.0 = Debug|Any CPU
		{325BCF1F-0220-4CBC-BA55-013F28296B1D}.Release|Any CPU.ActiveCfg = Release|Any CPU
		{325BCF1F-0220-4CBC-BA55-013F28296B1D}.Release|Any CPU.Build.0 = Release|Any CPU
		{844E745A-D752-47EF-9FBB-5C9FF46711EA}.Debug|Any CPU.ActiveCfg = Debug|Any CPU
		{844E745A-D752-47EF-9FBB-5C9FF46711EA}.Debug|Any CPU.Build.0 = Debug|Any CPU
		{844E745A-D752-47EF-9FBB-5C9FF46711EA}.Release|Any CPU.ActiveCfg = Release|Any CPU
		{844E745A-D752-47EF-9FBB-5C9FF46711EA}.Release|Any CPU.Build.0 = Release|Any CPU
	EndGlobalSection
	GlobalSection(SolutionProperties) = preSolution
		HideSolutionNode = FALSE
	EndGlobalSection
	GlobalSection(NestedProjects) = preSolution
		{AB5631FC-E52B-47D2-8780-1B0E14B52750} = {EEE2AA47-313E-4221-8EE5-26C557D103B6}
		{B86D0F62-9B02-4D8A-B98E-CC33C369D33A} = {EEE2AA47-313E-4221-8EE5-26C557D103B6}
		{2D6717D7-ECA8-4E99-8AA1-D0B1DCF043E9} = {3F4DFBAE-2907-4181-8779-69461B0950D4}
		{75DA82C4-E40D-459A-8630-EE5E2A9B78A5} = {3F4DFBAE-2907-4181-8779-69461B0950D4}
		{5D49181E-3761-4835-A3B4-2EB42031B809} = {3F4DFBAE-2907-4181-8779-69461B0950D4}
		{9D36A6B5-B518-4F44-A89A-627F4215C1A6} = {3F4DFBAE-2907-4181-8779-69461B0950D4}
		{8526BDD1-5B7D-4814-9B0D-739FE13CD9A0} = {EEE2AA47-313E-4221-8EE5-26C557D103B6}
		{47D2EBFC-1D2F-4F85-B053-83226C5BAF70} = {EEE2AA47-313E-4221-8EE5-26C557D103B6}
		{4EFF752E-9DD3-4B20-B5DA-F71BC09F08CB} = {B031F78E-FF6E-40DB-B945-0BA3F2557085}
		{47FDAB29-65E0-474E-B151-FCB746FE37B3} = {B031F78E-FF6E-40DB-B945-0BA3F2557085}
		{325BCF1F-0220-4CBC-BA55-013F28296B1D} = {B031F78E-FF6E-40DB-B945-0BA3F2557085}
		{844E745A-D752-47EF-9FBB-5C9FF46711EA} = {B031F78E-FF6E-40DB-B945-0BA3F2557085}
	EndGlobalSection
	GlobalSection(ExtensibilityGlobals) = postSolution
		SolutionGuid = {284B37AA-3936-4E89-87A3-5AEE83D9D320}
	EndGlobalSection
EndGlobal
