
Microsoft Visual Studio Solution File, Format Version 12.00
# Visual Studio Version 17
VisualStudioVersion = 17.0.32014.148
MinimumVisualStudioVersion = 10.0.40219.1
Project("{C7167F0D-BC9F-4E6E-AFE1-012C56B48DB5}") = "Fonzy.UI (Package)", "Fonzy.UI (Package)\Fonzy.UI (Package).wapproj", "{4DA44F05-4BD3-448F-BC8D-9E8AE2DA25E7}"
EndProject
Project("{9A19103F-16F7-4668-BE54-9A1E7A4F7556}") = "Fonzy.UI", "Fonzy.UI\Fonzy.UI.csproj", "{B8D67AE7-D227-4876-8C93-CB892A86519A}"
EndProject
Project("{6EC3EE1D-3C4E-46DD-8F32-0CC8E7565705}") = "Fonzy.core", "..\Fonzy.core\Fonzy.core.fsproj", "{D193A04F-40C1-482D-8601-F68A5B2AF6E1}"
EndProject
Project("{6EC3EE1D-3C4E-46DD-8F32-0CC8E7565705}") = "Fonzy.core.dto", "..\Fonzy.core.dto\Fonzy.core.dto.fsproj", "{5C1C590A-9024-4EB9-9860-5642D46BD298}"
EndProject
Project("{6EC3EE1D-3C4E-46DD-8F32-0CC8E7565705}") = "Fonzy.core.test", "..\Fonzy.core.test\Fonzy.core.test.fsproj", "{59501D8F-4054-45AA-BC7E-7390ED39FBFF}"
EndProject
Project("{6EC3EE1D-3C4E-46DD-8F32-0CC8E7565705}") = "Fonzy.core.dto.test", "..\Fonzy.core.dto.test\Fonzy.core.dto.test.fsproj", "{05C81000-5310-4026-A090-132CE4FCF7F0}"
EndProject
Project("{6EC3EE1D-3C4E-46DD-8F32-0CC8E7565705}") = "Fonzy.world", "..\Fonzy.world\Fonzy.world.fsproj", "{2198DA44-2697-4B54-B747-BD7FB9E29BEB}"
EndProject
Project("{6EC3EE1D-3C4E-46DD-8F32-0CC8E7565705}") = "Fonzy.world.dto", "..\Fonzy.world.dto\Fonzy.world.dto.fsproj", "{7CDF1177-EC0F-4226-AE72-D884005CFFC6}"
EndProject
Project("{6EC3EE1D-3C4E-46DD-8F32-0CC8E7565705}") = "Fonzy.world.test", "..\Fonzy.world.test\Fonzy.world.test.fsproj", "{289E1162-3330-4A84-AF28-48E19820E845}"
EndProject
Project("{6EC3EE1D-3C4E-46DD-8F32-0CC8E7565705}") = "Fonzy.world.dto.test", "..\Fonzy.world.dto.test\Fonzy.world.dto.test.fsproj", "{18911FBF-684F-42F3-A253-118330E52051}"
EndProject
Project("{6EC3EE1D-3C4E-46DD-8F32-0CC8E7565705}") = "Fonzy.data", "..\Fonzy.data\Fonzy.data.fsproj", "{EEA662EC-07B5-41DC-88BF-C10AA66B1DF2}"
EndProject
Project("{6EC3EE1D-3C4E-46DD-8F32-0CC8E7565705}") = "Fonzy.job", "..\Fonzy.job\Fonzy.job.fsproj", "{5FC6D363-53D6-44BC-9657-5800F1510CE8}"
EndProject
Project("{6EC3EE1D-3C4E-46DD-8F32-0CC8E7565705}") = "Fonzy.benchmark", "..\Fonzy.benchmark\Fonzy.benchmark.fsproj", "{70CD5D63-94FA-445A-AFD1-99FFB7849648}"
EndProject
Project("{6EC3EE1D-3C4E-46DD-8F32-0CC8E7565705}") = "Gort.Utils", "..\Gort.Utils\Gort.Utils.fsproj", "{AFB3D641-BAA6-49C8-9D98-5F1FB2D935CB}"
EndProject
Global
	GlobalSection(SolutionConfigurationPlatforms) = preSolution
		Debug|Any CPU = Debug|Any CPU
		Debug|arm64 = Debug|arm64
		Debug|x64 = Debug|x64
		Debug|x86 = Debug|x86
		Release|Any CPU = Release|Any CPU
		Release|arm64 = Release|arm64
		Release|x64 = Release|x64
		Release|x86 = Release|x86
	EndGlobalSection
	GlobalSection(ProjectConfigurationPlatforms) = postSolution
		{4DA44F05-4BD3-448F-BC8D-9E8AE2DA25E7}.Debug|Any CPU.ActiveCfg = Debug|x64
		{4DA44F05-4BD3-448F-BC8D-9E8AE2DA25E7}.Debug|Any CPU.Build.0 = Debug|x64
		{4DA44F05-4BD3-448F-BC8D-9E8AE2DA25E7}.Debug|Any CPU.Deploy.0 = Debug|x64
		{4DA44F05-4BD3-448F-BC8D-9E8AE2DA25E7}.Debug|arm64.ActiveCfg = Debug|arm64
		{4DA44F05-4BD3-448F-BC8D-9E8AE2DA25E7}.Debug|arm64.Build.0 = Debug|arm64
		{4DA44F05-4BD3-448F-BC8D-9E8AE2DA25E7}.Debug|arm64.Deploy.0 = Debug|arm64
		{4DA44F05-4BD3-448F-BC8D-9E8AE2DA25E7}.Debug|x64.ActiveCfg = Debug|x64
		{4DA44F05-4BD3-448F-BC8D-9E8AE2DA25E7}.Debug|x64.Build.0 = Debug|x64
		{4DA44F05-4BD3-448F-BC8D-9E8AE2DA25E7}.Debug|x64.Deploy.0 = Debug|x64
		{4DA44F05-4BD3-448F-BC8D-9E8AE2DA25E7}.Debug|x86.ActiveCfg = Debug|x86
		{4DA44F05-4BD3-448F-BC8D-9E8AE2DA25E7}.Debug|x86.Build.0 = Debug|x86
		{4DA44F05-4BD3-448F-BC8D-9E8AE2DA25E7}.Debug|x86.Deploy.0 = Debug|x86
		{4DA44F05-4BD3-448F-BC8D-9E8AE2DA25E7}.Release|Any CPU.ActiveCfg = Release|x64
		{4DA44F05-4BD3-448F-BC8D-9E8AE2DA25E7}.Release|Any CPU.Build.0 = Release|x64
		{4DA44F05-4BD3-448F-BC8D-9E8AE2DA25E7}.Release|Any CPU.Deploy.0 = Release|x64
		{4DA44F05-4BD3-448F-BC8D-9E8AE2DA25E7}.Release|arm64.ActiveCfg = Release|arm64
		{4DA44F05-4BD3-448F-BC8D-9E8AE2DA25E7}.Release|arm64.Build.0 = Release|arm64
		{4DA44F05-4BD3-448F-BC8D-9E8AE2DA25E7}.Release|arm64.Deploy.0 = Release|arm64
		{4DA44F05-4BD3-448F-BC8D-9E8AE2DA25E7}.Release|x64.ActiveCfg = Release|x64
		{4DA44F05-4BD3-448F-BC8D-9E8AE2DA25E7}.Release|x64.Build.0 = Release|x64
		{4DA44F05-4BD3-448F-BC8D-9E8AE2DA25E7}.Release|x64.Deploy.0 = Release|x64
		{4DA44F05-4BD3-448F-BC8D-9E8AE2DA25E7}.Release|x86.ActiveCfg = Release|x86
		{4DA44F05-4BD3-448F-BC8D-9E8AE2DA25E7}.Release|x86.Build.0 = Release|x86
		{4DA44F05-4BD3-448F-BC8D-9E8AE2DA25E7}.Release|x86.Deploy.0 = Release|x86
		{B8D67AE7-D227-4876-8C93-CB892A86519A}.Debug|Any CPU.ActiveCfg = Debug|x64
		{B8D67AE7-D227-4876-8C93-CB892A86519A}.Debug|Any CPU.Build.0 = Debug|x64
		{B8D67AE7-D227-4876-8C93-CB892A86519A}.Debug|arm64.ActiveCfg = Debug|arm64
		{B8D67AE7-D227-4876-8C93-CB892A86519A}.Debug|arm64.Build.0 = Debug|arm64
		{B8D67AE7-D227-4876-8C93-CB892A86519A}.Debug|x64.ActiveCfg = Debug|x64
		{B8D67AE7-D227-4876-8C93-CB892A86519A}.Debug|x64.Build.0 = Debug|x64
		{B8D67AE7-D227-4876-8C93-CB892A86519A}.Debug|x86.ActiveCfg = Debug|x86
		{B8D67AE7-D227-4876-8C93-CB892A86519A}.Debug|x86.Build.0 = Debug|x86
		{B8D67AE7-D227-4876-8C93-CB892A86519A}.Release|Any CPU.ActiveCfg = Release|x64
		{B8D67AE7-D227-4876-8C93-CB892A86519A}.Release|Any CPU.Build.0 = Release|x64
		{B8D67AE7-D227-4876-8C93-CB892A86519A}.Release|arm64.ActiveCfg = Release|arm64
		{B8D67AE7-D227-4876-8C93-CB892A86519A}.Release|arm64.Build.0 = Release|arm64
		{B8D67AE7-D227-4876-8C93-CB892A86519A}.Release|x64.ActiveCfg = Release|x64
		{B8D67AE7-D227-4876-8C93-CB892A86519A}.Release|x64.Build.0 = Release|x64
		{B8D67AE7-D227-4876-8C93-CB892A86519A}.Release|x86.ActiveCfg = Release|x86
		{B8D67AE7-D227-4876-8C93-CB892A86519A}.Release|x86.Build.0 = Release|x86
		{D193A04F-40C1-482D-8601-F68A5B2AF6E1}.Debug|Any CPU.ActiveCfg = Debug|Any CPU
		{D193A04F-40C1-482D-8601-F68A5B2AF6E1}.Debug|Any CPU.Build.0 = Debug|Any CPU
		{D193A04F-40C1-482D-8601-F68A5B2AF6E1}.Debug|arm64.ActiveCfg = Debug|Any CPU
		{D193A04F-40C1-482D-8601-F68A5B2AF6E1}.Debug|arm64.Build.0 = Debug|Any CPU
		{D193A04F-40C1-482D-8601-F68A5B2AF6E1}.Debug|x64.ActiveCfg = Debug|x64
		{D193A04F-40C1-482D-8601-F68A5B2AF6E1}.Debug|x64.Build.0 = Debug|x64
		{D193A04F-40C1-482D-8601-F68A5B2AF6E1}.Debug|x86.ActiveCfg = Debug|Any CPU
		{D193A04F-40C1-482D-8601-F68A5B2AF6E1}.Debug|x86.Build.0 = Debug|Any CPU
		{D193A04F-40C1-482D-8601-F68A5B2AF6E1}.Release|Any CPU.ActiveCfg = Release|Any CPU
		{D193A04F-40C1-482D-8601-F68A5B2AF6E1}.Release|Any CPU.Build.0 = Release|Any CPU
		{D193A04F-40C1-482D-8601-F68A5B2AF6E1}.Release|arm64.ActiveCfg = Release|Any CPU
		{D193A04F-40C1-482D-8601-F68A5B2AF6E1}.Release|arm64.Build.0 = Release|Any CPU
		{D193A04F-40C1-482D-8601-F68A5B2AF6E1}.Release|x64.ActiveCfg = Release|x64
		{D193A04F-40C1-482D-8601-F68A5B2AF6E1}.Release|x64.Build.0 = Release|x64
		{D193A04F-40C1-482D-8601-F68A5B2AF6E1}.Release|x86.ActiveCfg = Release|Any CPU
		{D193A04F-40C1-482D-8601-F68A5B2AF6E1}.Release|x86.Build.0 = Release|Any CPU
		{5C1C590A-9024-4EB9-9860-5642D46BD298}.Debug|Any CPU.ActiveCfg = Debug|Any CPU
		{5C1C590A-9024-4EB9-9860-5642D46BD298}.Debug|Any CPU.Build.0 = Debug|Any CPU
		{5C1C590A-9024-4EB9-9860-5642D46BD298}.Debug|arm64.ActiveCfg = Debug|Any CPU
		{5C1C590A-9024-4EB9-9860-5642D46BD298}.Debug|arm64.Build.0 = Debug|Any CPU
		{5C1C590A-9024-4EB9-9860-5642D46BD298}.Debug|x64.ActiveCfg = Debug|x64
		{5C1C590A-9024-4EB9-9860-5642D46BD298}.Debug|x64.Build.0 = Debug|x64
		{5C1C590A-9024-4EB9-9860-5642D46BD298}.Debug|x86.ActiveCfg = Debug|Any CPU
		{5C1C590A-9024-4EB9-9860-5642D46BD298}.Debug|x86.Build.0 = Debug|Any CPU
		{5C1C590A-9024-4EB9-9860-5642D46BD298}.Release|Any CPU.ActiveCfg = Release|Any CPU
		{5C1C590A-9024-4EB9-9860-5642D46BD298}.Release|Any CPU.Build.0 = Release|Any CPU
		{5C1C590A-9024-4EB9-9860-5642D46BD298}.Release|arm64.ActiveCfg = Release|Any CPU
		{5C1C590A-9024-4EB9-9860-5642D46BD298}.Release|arm64.Build.0 = Release|Any CPU
		{5C1C590A-9024-4EB9-9860-5642D46BD298}.Release|x64.ActiveCfg = Release|x64
		{5C1C590A-9024-4EB9-9860-5642D46BD298}.Release|x64.Build.0 = Release|x64
		{5C1C590A-9024-4EB9-9860-5642D46BD298}.Release|x86.ActiveCfg = Release|Any CPU
		{5C1C590A-9024-4EB9-9860-5642D46BD298}.Release|x86.Build.0 = Release|Any CPU
		{59501D8F-4054-45AA-BC7E-7390ED39FBFF}.Debug|Any CPU.ActiveCfg = Debug|Any CPU
		{59501D8F-4054-45AA-BC7E-7390ED39FBFF}.Debug|Any CPU.Build.0 = Debug|Any CPU
		{59501D8F-4054-45AA-BC7E-7390ED39FBFF}.Debug|arm64.ActiveCfg = Debug|Any CPU
		{59501D8F-4054-45AA-BC7E-7390ED39FBFF}.Debug|arm64.Build.0 = Debug|Any CPU
		{59501D8F-4054-45AA-BC7E-7390ED39FBFF}.Debug|x64.ActiveCfg = Debug|x64
		{59501D8F-4054-45AA-BC7E-7390ED39FBFF}.Debug|x64.Build.0 = Debug|x64
		{59501D8F-4054-45AA-BC7E-7390ED39FBFF}.Debug|x86.ActiveCfg = Debug|Any CPU
		{59501D8F-4054-45AA-BC7E-7390ED39FBFF}.Debug|x86.Build.0 = Debug|Any CPU
		{59501D8F-4054-45AA-BC7E-7390ED39FBFF}.Release|Any CPU.ActiveCfg = Release|Any CPU
		{59501D8F-4054-45AA-BC7E-7390ED39FBFF}.Release|Any CPU.Build.0 = Release|Any CPU
		{59501D8F-4054-45AA-BC7E-7390ED39FBFF}.Release|arm64.ActiveCfg = Release|Any CPU
		{59501D8F-4054-45AA-BC7E-7390ED39FBFF}.Release|arm64.Build.0 = Release|Any CPU
		{59501D8F-4054-45AA-BC7E-7390ED39FBFF}.Release|x64.ActiveCfg = Release|x64
		{59501D8F-4054-45AA-BC7E-7390ED39FBFF}.Release|x64.Build.0 = Release|x64
		{59501D8F-4054-45AA-BC7E-7390ED39FBFF}.Release|x86.ActiveCfg = Release|Any CPU
		{59501D8F-4054-45AA-BC7E-7390ED39FBFF}.Release|x86.Build.0 = Release|Any CPU
		{05C81000-5310-4026-A090-132CE4FCF7F0}.Debug|Any CPU.ActiveCfg = Debug|Any CPU
		{05C81000-5310-4026-A090-132CE4FCF7F0}.Debug|Any CPU.Build.0 = Debug|Any CPU
		{05C81000-5310-4026-A090-132CE4FCF7F0}.Debug|arm64.ActiveCfg = Debug|Any CPU
		{05C81000-5310-4026-A090-132CE4FCF7F0}.Debug|arm64.Build.0 = Debug|Any CPU
		{05C81000-5310-4026-A090-132CE4FCF7F0}.Debug|x64.ActiveCfg = Debug|x64
		{05C81000-5310-4026-A090-132CE4FCF7F0}.Debug|x64.Build.0 = Debug|x64
		{05C81000-5310-4026-A090-132CE4FCF7F0}.Debug|x86.ActiveCfg = Debug|Any CPU
		{05C81000-5310-4026-A090-132CE4FCF7F0}.Debug|x86.Build.0 = Debug|Any CPU
		{05C81000-5310-4026-A090-132CE4FCF7F0}.Release|Any CPU.ActiveCfg = Release|Any CPU
		{05C81000-5310-4026-A090-132CE4FCF7F0}.Release|Any CPU.Build.0 = Release|Any CPU
		{05C81000-5310-4026-A090-132CE4FCF7F0}.Release|arm64.ActiveCfg = Release|Any CPU
		{05C81000-5310-4026-A090-132CE4FCF7F0}.Release|arm64.Build.0 = Release|Any CPU
		{05C81000-5310-4026-A090-132CE4FCF7F0}.Release|x64.ActiveCfg = Release|x64
		{05C81000-5310-4026-A090-132CE4FCF7F0}.Release|x64.Build.0 = Release|x64
		{05C81000-5310-4026-A090-132CE4FCF7F0}.Release|x86.ActiveCfg = Release|Any CPU
		{05C81000-5310-4026-A090-132CE4FCF7F0}.Release|x86.Build.0 = Release|Any CPU
		{2198DA44-2697-4B54-B747-BD7FB9E29BEB}.Debug|Any CPU.ActiveCfg = Debug|Any CPU
		{2198DA44-2697-4B54-B747-BD7FB9E29BEB}.Debug|Any CPU.Build.0 = Debug|Any CPU
		{2198DA44-2697-4B54-B747-BD7FB9E29BEB}.Debug|arm64.ActiveCfg = Debug|Any CPU
		{2198DA44-2697-4B54-B747-BD7FB9E29BEB}.Debug|arm64.Build.0 = Debug|Any CPU
		{2198DA44-2697-4B54-B747-BD7FB9E29BEB}.Debug|x64.ActiveCfg = Debug|x64
		{2198DA44-2697-4B54-B747-BD7FB9E29BEB}.Debug|x64.Build.0 = Debug|x64
		{2198DA44-2697-4B54-B747-BD7FB9E29BEB}.Debug|x86.ActiveCfg = Debug|Any CPU
		{2198DA44-2697-4B54-B747-BD7FB9E29BEB}.Debug|x86.Build.0 = Debug|Any CPU
		{2198DA44-2697-4B54-B747-BD7FB9E29BEB}.Release|Any CPU.ActiveCfg = Release|Any CPU
		{2198DA44-2697-4B54-B747-BD7FB9E29BEB}.Release|Any CPU.Build.0 = Release|Any CPU
		{2198DA44-2697-4B54-B747-BD7FB9E29BEB}.Release|arm64.ActiveCfg = Release|Any CPU
		{2198DA44-2697-4B54-B747-BD7FB9E29BEB}.Release|arm64.Build.0 = Release|Any CPU
		{2198DA44-2697-4B54-B747-BD7FB9E29BEB}.Release|x64.ActiveCfg = Release|x64
		{2198DA44-2697-4B54-B747-BD7FB9E29BEB}.Release|x64.Build.0 = Release|x64
		{2198DA44-2697-4B54-B747-BD7FB9E29BEB}.Release|x86.ActiveCfg = Release|Any CPU
		{2198DA44-2697-4B54-B747-BD7FB9E29BEB}.Release|x86.Build.0 = Release|Any CPU
		{7CDF1177-EC0F-4226-AE72-D884005CFFC6}.Debug|Any CPU.ActiveCfg = Debug|Any CPU
		{7CDF1177-EC0F-4226-AE72-D884005CFFC6}.Debug|Any CPU.Build.0 = Debug|Any CPU
		{7CDF1177-EC0F-4226-AE72-D884005CFFC6}.Debug|arm64.ActiveCfg = Debug|Any CPU
		{7CDF1177-EC0F-4226-AE72-D884005CFFC6}.Debug|arm64.Build.0 = Debug|Any CPU
		{7CDF1177-EC0F-4226-AE72-D884005CFFC6}.Debug|x64.ActiveCfg = Debug|x64
		{7CDF1177-EC0F-4226-AE72-D884005CFFC6}.Debug|x64.Build.0 = Debug|x64
		{7CDF1177-EC0F-4226-AE72-D884005CFFC6}.Debug|x86.ActiveCfg = Debug|Any CPU
		{7CDF1177-EC0F-4226-AE72-D884005CFFC6}.Debug|x86.Build.0 = Debug|Any CPU
		{7CDF1177-EC0F-4226-AE72-D884005CFFC6}.Release|Any CPU.ActiveCfg = Release|Any CPU
		{7CDF1177-EC0F-4226-AE72-D884005CFFC6}.Release|Any CPU.Build.0 = Release|Any CPU
		{7CDF1177-EC0F-4226-AE72-D884005CFFC6}.Release|arm64.ActiveCfg = Release|Any CPU
		{7CDF1177-EC0F-4226-AE72-D884005CFFC6}.Release|arm64.Build.0 = Release|Any CPU
		{7CDF1177-EC0F-4226-AE72-D884005CFFC6}.Release|x64.ActiveCfg = Release|x64
		{7CDF1177-EC0F-4226-AE72-D884005CFFC6}.Release|x64.Build.0 = Release|x64
		{7CDF1177-EC0F-4226-AE72-D884005CFFC6}.Release|x86.ActiveCfg = Release|Any CPU
		{7CDF1177-EC0F-4226-AE72-D884005CFFC6}.Release|x86.Build.0 = Release|Any CPU
		{289E1162-3330-4A84-AF28-48E19820E845}.Debug|Any CPU.ActiveCfg = Debug|Any CPU
		{289E1162-3330-4A84-AF28-48E19820E845}.Debug|Any CPU.Build.0 = Debug|Any CPU
		{289E1162-3330-4A84-AF28-48E19820E845}.Debug|arm64.ActiveCfg = Debug|Any CPU
		{289E1162-3330-4A84-AF28-48E19820E845}.Debug|arm64.Build.0 = Debug|Any CPU
		{289E1162-3330-4A84-AF28-48E19820E845}.Debug|x64.ActiveCfg = Debug|x64
		{289E1162-3330-4A84-AF28-48E19820E845}.Debug|x64.Build.0 = Debug|x64
		{289E1162-3330-4A84-AF28-48E19820E845}.Debug|x86.ActiveCfg = Debug|Any CPU
		{289E1162-3330-4A84-AF28-48E19820E845}.Debug|x86.Build.0 = Debug|Any CPU
		{289E1162-3330-4A84-AF28-48E19820E845}.Release|Any CPU.ActiveCfg = Release|Any CPU
		{289E1162-3330-4A84-AF28-48E19820E845}.Release|Any CPU.Build.0 = Release|Any CPU
		{289E1162-3330-4A84-AF28-48E19820E845}.Release|arm64.ActiveCfg = Release|Any CPU
		{289E1162-3330-4A84-AF28-48E19820E845}.Release|arm64.Build.0 = Release|Any CPU
		{289E1162-3330-4A84-AF28-48E19820E845}.Release|x64.ActiveCfg = Release|x64
		{289E1162-3330-4A84-AF28-48E19820E845}.Release|x64.Build.0 = Release|x64
		{289E1162-3330-4A84-AF28-48E19820E845}.Release|x86.ActiveCfg = Release|Any CPU
		{289E1162-3330-4A84-AF28-48E19820E845}.Release|x86.Build.0 = Release|Any CPU
		{18911FBF-684F-42F3-A253-118330E52051}.Debug|Any CPU.ActiveCfg = Debug|Any CPU
		{18911FBF-684F-42F3-A253-118330E52051}.Debug|Any CPU.Build.0 = Debug|Any CPU
		{18911FBF-684F-42F3-A253-118330E52051}.Debug|arm64.ActiveCfg = Debug|Any CPU
		{18911FBF-684F-42F3-A253-118330E52051}.Debug|arm64.Build.0 = Debug|Any CPU
		{18911FBF-684F-42F3-A253-118330E52051}.Debug|x64.ActiveCfg = Debug|x64
		{18911FBF-684F-42F3-A253-118330E52051}.Debug|x64.Build.0 = Debug|x64
		{18911FBF-684F-42F3-A253-118330E52051}.Debug|x86.ActiveCfg = Debug|Any CPU
		{18911FBF-684F-42F3-A253-118330E52051}.Debug|x86.Build.0 = Debug|Any CPU
		{18911FBF-684F-42F3-A253-118330E52051}.Release|Any CPU.ActiveCfg = Release|Any CPU
		{18911FBF-684F-42F3-A253-118330E52051}.Release|Any CPU.Build.0 = Release|Any CPU
		{18911FBF-684F-42F3-A253-118330E52051}.Release|arm64.ActiveCfg = Release|Any CPU
		{18911FBF-684F-42F3-A253-118330E52051}.Release|arm64.Build.0 = Release|Any CPU
		{18911FBF-684F-42F3-A253-118330E52051}.Release|x64.ActiveCfg = Release|x64
		{18911FBF-684F-42F3-A253-118330E52051}.Release|x64.Build.0 = Release|x64
		{18911FBF-684F-42F3-A253-118330E52051}.Release|x86.ActiveCfg = Release|Any CPU
		{18911FBF-684F-42F3-A253-118330E52051}.Release|x86.Build.0 = Release|Any CPU
		{EEA662EC-07B5-41DC-88BF-C10AA66B1DF2}.Debug|Any CPU.ActiveCfg = Debug|Any CPU
		{EEA662EC-07B5-41DC-88BF-C10AA66B1DF2}.Debug|Any CPU.Build.0 = Debug|Any CPU
		{EEA662EC-07B5-41DC-88BF-C10AA66B1DF2}.Debug|arm64.ActiveCfg = Debug|Any CPU
		{EEA662EC-07B5-41DC-88BF-C10AA66B1DF2}.Debug|arm64.Build.0 = Debug|Any CPU
		{EEA662EC-07B5-41DC-88BF-C10AA66B1DF2}.Debug|x64.ActiveCfg = Debug|x64
		{EEA662EC-07B5-41DC-88BF-C10AA66B1DF2}.Debug|x64.Build.0 = Debug|x64
		{EEA662EC-07B5-41DC-88BF-C10AA66B1DF2}.Debug|x86.ActiveCfg = Debug|Any CPU
		{EEA662EC-07B5-41DC-88BF-C10AA66B1DF2}.Debug|x86.Build.0 = Debug|Any CPU
		{EEA662EC-07B5-41DC-88BF-C10AA66B1DF2}.Release|Any CPU.ActiveCfg = Release|Any CPU
		{EEA662EC-07B5-41DC-88BF-C10AA66B1DF2}.Release|Any CPU.Build.0 = Release|Any CPU
		{EEA662EC-07B5-41DC-88BF-C10AA66B1DF2}.Release|arm64.ActiveCfg = Release|Any CPU
		{EEA662EC-07B5-41DC-88BF-C10AA66B1DF2}.Release|arm64.Build.0 = Release|Any CPU
		{EEA662EC-07B5-41DC-88BF-C10AA66B1DF2}.Release|x64.ActiveCfg = Release|x64
		{EEA662EC-07B5-41DC-88BF-C10AA66B1DF2}.Release|x64.Build.0 = Release|x64
		{EEA662EC-07B5-41DC-88BF-C10AA66B1DF2}.Release|x86.ActiveCfg = Release|Any CPU
		{EEA662EC-07B5-41DC-88BF-C10AA66B1DF2}.Release|x86.Build.0 = Release|Any CPU
		{5FC6D363-53D6-44BC-9657-5800F1510CE8}.Debug|Any CPU.ActiveCfg = Debug|Any CPU
		{5FC6D363-53D6-44BC-9657-5800F1510CE8}.Debug|Any CPU.Build.0 = Debug|Any CPU
		{5FC6D363-53D6-44BC-9657-5800F1510CE8}.Debug|arm64.ActiveCfg = Debug|Any CPU
		{5FC6D363-53D6-44BC-9657-5800F1510CE8}.Debug|arm64.Build.0 = Debug|Any CPU
		{5FC6D363-53D6-44BC-9657-5800F1510CE8}.Debug|x64.ActiveCfg = Debug|x64
		{5FC6D363-53D6-44BC-9657-5800F1510CE8}.Debug|x64.Build.0 = Debug|x64
		{5FC6D363-53D6-44BC-9657-5800F1510CE8}.Debug|x86.ActiveCfg = Debug|Any CPU
		{5FC6D363-53D6-44BC-9657-5800F1510CE8}.Debug|x86.Build.0 = Debug|Any CPU
		{5FC6D363-53D6-44BC-9657-5800F1510CE8}.Release|Any CPU.ActiveCfg = Release|Any CPU
		{5FC6D363-53D6-44BC-9657-5800F1510CE8}.Release|Any CPU.Build.0 = Release|Any CPU
		{5FC6D363-53D6-44BC-9657-5800F1510CE8}.Release|arm64.ActiveCfg = Release|Any CPU
		{5FC6D363-53D6-44BC-9657-5800F1510CE8}.Release|arm64.Build.0 = Release|Any CPU
		{5FC6D363-53D6-44BC-9657-5800F1510CE8}.Release|x64.ActiveCfg = Release|x64
		{5FC6D363-53D6-44BC-9657-5800F1510CE8}.Release|x64.Build.0 = Release|x64
		{5FC6D363-53D6-44BC-9657-5800F1510CE8}.Release|x86.ActiveCfg = Release|Any CPU
		{5FC6D363-53D6-44BC-9657-5800F1510CE8}.Release|x86.Build.0 = Release|Any CPU
		{70CD5D63-94FA-445A-AFD1-99FFB7849648}.Debug|Any CPU.ActiveCfg = Debug|Any CPU
		{70CD5D63-94FA-445A-AFD1-99FFB7849648}.Debug|Any CPU.Build.0 = Debug|Any CPU
		{70CD5D63-94FA-445A-AFD1-99FFB7849648}.Debug|arm64.ActiveCfg = Debug|Any CPU
		{70CD5D63-94FA-445A-AFD1-99FFB7849648}.Debug|arm64.Build.0 = Debug|Any CPU
		{70CD5D63-94FA-445A-AFD1-99FFB7849648}.Debug|x64.ActiveCfg = Debug|x64
		{70CD5D63-94FA-445A-AFD1-99FFB7849648}.Debug|x64.Build.0 = Debug|x64
		{70CD5D63-94FA-445A-AFD1-99FFB7849648}.Debug|x86.ActiveCfg = Debug|Any CPU
		{70CD5D63-94FA-445A-AFD1-99FFB7849648}.Debug|x86.Build.0 = Debug|Any CPU
		{70CD5D63-94FA-445A-AFD1-99FFB7849648}.Release|Any CPU.ActiveCfg = Release|Any CPU
		{70CD5D63-94FA-445A-AFD1-99FFB7849648}.Release|Any CPU.Build.0 = Release|Any CPU
		{70CD5D63-94FA-445A-AFD1-99FFB7849648}.Release|arm64.ActiveCfg = Release|Any CPU
		{70CD5D63-94FA-445A-AFD1-99FFB7849648}.Release|arm64.Build.0 = Release|Any CPU
		{70CD5D63-94FA-445A-AFD1-99FFB7849648}.Release|x64.ActiveCfg = Release|x64
		{70CD5D63-94FA-445A-AFD1-99FFB7849648}.Release|x64.Build.0 = Release|x64
		{70CD5D63-94FA-445A-AFD1-99FFB7849648}.Release|x86.ActiveCfg = Release|Any CPU
		{70CD5D63-94FA-445A-AFD1-99FFB7849648}.Release|x86.Build.0 = Release|Any CPU
		{AFB3D641-BAA6-49C8-9D98-5F1FB2D935CB}.Debug|Any CPU.ActiveCfg = Debug|Any CPU
		{AFB3D641-BAA6-49C8-9D98-5F1FB2D935CB}.Debug|Any CPU.Build.0 = Debug|Any CPU
		{AFB3D641-BAA6-49C8-9D98-5F1FB2D935CB}.Debug|arm64.ActiveCfg = Debug|Any CPU
		{AFB3D641-BAA6-49C8-9D98-5F1FB2D935CB}.Debug|arm64.Build.0 = Debug|Any CPU
		{AFB3D641-BAA6-49C8-9D98-5F1FB2D935CB}.Debug|x64.ActiveCfg = Debug|x64
		{AFB3D641-BAA6-49C8-9D98-5F1FB2D935CB}.Debug|x64.Build.0 = Debug|x64
		{AFB3D641-BAA6-49C8-9D98-5F1FB2D935CB}.Debug|x86.ActiveCfg = Debug|Any CPU
		{AFB3D641-BAA6-49C8-9D98-5F1FB2D935CB}.Debug|x86.Build.0 = Debug|Any CPU
		{AFB3D641-BAA6-49C8-9D98-5F1FB2D935CB}.Release|Any CPU.ActiveCfg = Release|Any CPU
		{AFB3D641-BAA6-49C8-9D98-5F1FB2D935CB}.Release|Any CPU.Build.0 = Release|Any CPU
		{AFB3D641-BAA6-49C8-9D98-5F1FB2D935CB}.Release|arm64.ActiveCfg = Release|Any CPU
		{AFB3D641-BAA6-49C8-9D98-5F1FB2D935CB}.Release|arm64.Build.0 = Release|Any CPU
		{AFB3D641-BAA6-49C8-9D98-5F1FB2D935CB}.Release|x64.ActiveCfg = Release|x64
		{AFB3D641-BAA6-49C8-9D98-5F1FB2D935CB}.Release|x64.Build.0 = Release|x64
		{AFB3D641-BAA6-49C8-9D98-5F1FB2D935CB}.Release|x86.ActiveCfg = Release|Any CPU
		{AFB3D641-BAA6-49C8-9D98-5F1FB2D935CB}.Release|x86.Build.0 = Release|Any CPU
	EndGlobalSection
	GlobalSection(SolutionProperties) = preSolution
		HideSolutionNode = FALSE
	EndGlobalSection
	GlobalSection(ExtensibilityGlobals) = postSolution
		SolutionGuid = {68FA6223-2F62-4CD3-BBC6-E1DCB734EB2F}
	EndGlobalSection
EndGlobal
